
Microsoft Visual Studio Solution File, Format Version 12.00
Project("{FAE04EC0-301F-11D3-BF4B-00C04F79EFBC}") = "ToTheMoonfolio.Api", "ToTheMoonfolio.Api\ToTheMoonfolio.Api.csproj", "{8A7E4C0F-2529-4D7D-BB7D-2A8A61B0E44A}"
EndProject
Project("{2150E333-8FDC-42A3-9474-1A3956D46DE8}") = "src", "src", "{392E6C28-C89F-480A-8ADC-2A4EAE47207C}"
EndProject
Project("{2150E333-8FDC-42A3-9474-1A3956D46DE8}") = "tests", "tests", "{EF6C01E1-07FA-42AF-8F18-5F69D0F34420}"
EndProject
Project("{FAE04EC0-301F-11D3-BF4B-00C04F79EFBC}") = "ToTheMoonfolio.Infrastructure", "ToTheMoonfolio.Infrastructure\ToTheMoonfolio.Infrastructure.csproj", "{ED2F86F7-09AA-4AC5-919F-01A496813F2E}"
EndProject
Project("{FAE04EC0-301F-11D3-BF4B-00C04F79EFBC}") = "ToTheMoonfolio.Core", "ToTheMoonfolio.Core\ToTheMoonfolio.Core.csproj", "{F5C53C1D-831D-4AC6-8318-5D360A95EFCC}"
EndProject
Project("{FAE04EC0-301F-11D3-BF4B-00C04F79EFBC}") = "ToTheMoonfolio.Persistence", "ToTheMoonfolio.Persistence\ToTheMoonfolio.Persistence.csproj", "{F6E9785B-9034-4004-8C13-42A3FFD969C8}"
EndProject
Project("{2150E333-8FDC-42A3-9474-1A3956D46DE8}") = "Api", "Api", "{F8A2D19F-814A-47B5-985D-84762C61CBE3}"
EndProject
Project("{2150E333-8FDC-42A3-9474-1A3956D46DE8}") = "DataBroker", "DataBroker", "{030A7C40-3107-481E-8B54-4881EA8F4A6A}"
EndProject
Project("{2150E333-8FDC-42A3-9474-1A3956D46DE8}") = "DataProcessor", "DataProcessor", "{5D66C637-1E98-44DB-A971-3888DE9E4118}"
EndProject
Project("{FAE04EC0-301F-11D3-BF4B-00C04F79EFBC}") = "ToTheMoonfolio.DataProcessor", "ToTheMoonfolio.DataProcessor\ToTheMoonfolio.DataProcessor.csproj", "{08E3DF19-A9D7-41DA-9918-6082DBBEC57A}"
EndProject
Project("{FAE04EC0-301F-11D3-BF4B-00C04F79EFBC}") = "ToTheMoonfolio.DataBroker.Api", "ToTheMoonfolio.DataBroker.Api\ToTheMoonfolio.DataBroker.Api.csproj", "{15E37E37-FE69-4893-9E70-046650183E2C}"
EndProject
Project("{FAE04EC0-301F-11D3-BF4B-00C04F79EFBC}") = "ToTheMoonfolio.DataBroker.Infrastructure", "ToTheMoonfolio.DataBroker.Infrastructure\ToTheMoonfolio.DataBroker.Infrastructure.csproj", "{8C6DC41E-BAE3-41B9-9789-E3A3836AC497}"
EndProject
Project("{FAE04EC0-301F-11D3-BF4B-00C04F79EFBC}") = "ToTheMoonfolio.DataBroker.Core", "ToTheMoonfolio.DataBroker.Core\ToTheMoonfolio.DataBroker.Core.csproj", "{01384A26-D061-4D3C-96E0-AFC43B544C86}"
EndProject
Project("{FAE04EC0-301F-11D3-BF4B-00C04F79EFBC}") = "ToTheMoonfolio.Tests.Integration", "..\tests\ToTheMoonfolio.Tests.Integration\ToTheMoonfolio.Tests.Integration.csproj", "{6E581484-53A0-4574-8EC8-B75D9AEA93FB}"
EndProject
Project("{FAE04EC0-301F-11D3-BF4B-00C04F79EFBC}") = "ToTheMoonfolio.DataBroker.Publisher", "ToTheMoonfolio.DataBroker.Publisher\ToTheMoonfolio.DataBroker.Publisher.csproj", "{8B332AB4-AD13-4E7A-B9F4-87A2C1EE4DAF}"
EndProject
Project("{2150E333-8FDC-42A3-9474-1A3956D46DE8}") = "Shared", "Shared", "{FCBA1A6A-32C1-4183-BD80-11EE54172D9A}"
EndProject
Project("{FAE04EC0-301F-11D3-BF4B-00C04F79EFBC}") = "ToTheMoonfolio.ServiceBus", "ToTheMoonfolio.ServiceBus\ToTheMoonfolio.ServiceBus.csproj", "{67DF2BAB-C136-4FA6-B096-239E130C38E8}"
EndProject
Global
	GlobalSection(SolutionConfigurationPlatforms) = preSolution
		Debug|Any CPU = Debug|Any CPU
		Release|Any CPU = Release|Any CPU
	EndGlobalSection
	GlobalSection(ProjectConfigurationPlatforms) = postSolution
		{8A7E4C0F-2529-4D7D-BB7D-2A8A61B0E44A}.Debug|Any CPU.ActiveCfg = Debug|Any CPU
		{8A7E4C0F-2529-4D7D-BB7D-2A8A61B0E44A}.Debug|Any CPU.Build.0 = Debug|Any CPU
		{8A7E4C0F-2529-4D7D-BB7D-2A8A61B0E44A}.Release|Any CPU.ActiveCfg = Release|Any CPU
		{8A7E4C0F-2529-4D7D-BB7D-2A8A61B0E44A}.Release|Any CPU.Build.0 = Release|Any CPU
		{ED2F86F7-09AA-4AC5-919F-01A496813F2E}.Debug|Any CPU.ActiveCfg = Debug|Any CPU
		{ED2F86F7-09AA-4AC5-919F-01A496813F2E}.Debug|Any CPU.Build.0 = Debug|Any CPU
		{ED2F86F7-09AA-4AC5-919F-01A496813F2E}.Release|Any CPU.ActiveCfg = Release|Any CPU
		{ED2F86F7-09AA-4AC5-919F-01A496813F2E}.Release|Any CPU.Build.0 = Release|Any CPU
		{F5C53C1D-831D-4AC6-8318-5D360A95EFCC}.Debug|Any CPU.ActiveCfg = Debug|Any CPU
		{F5C53C1D-831D-4AC6-8318-5D360A95EFCC}.Debug|Any CPU.Build.0 = Debug|Any CPU
		{F5C53C1D-831D-4AC6-8318-5D360A95EFCC}.Release|Any CPU.ActiveCfg = Release|Any CPU
		{F5C53C1D-831D-4AC6-8318-5D360A95EFCC}.Release|Any CPU.Build.0 = Release|Any CPU
		{F6E9785B-9034-4004-8C13-42A3FFD969C8}.Debug|Any CPU.ActiveCfg = Debug|Any CPU
		{F6E9785B-9034-4004-8C13-42A3FFD969C8}.Debug|Any CPU.Build.0 = Debug|Any CPU
		{F6E9785B-9034-4004-8C13-42A3FFD969C8}.Release|Any CPU.ActiveCfg = Release|Any CPU
		{F6E9785B-9034-4004-8C13-42A3FFD969C8}.Release|Any CPU.Build.0 = Release|Any CPU
		{08E3DF19-A9D7-41DA-9918-6082DBBEC57A}.Debug|Any CPU.ActiveCfg = Debug|Any CPU
		{08E3DF19-A9D7-41DA-9918-6082DBBEC57A}.Debug|Any CPU.Build.0 = Debug|Any CPU
		{08E3DF19-A9D7-41DA-9918-6082DBBEC57A}.Release|Any CPU.ActiveCfg = Release|Any CPU
		{08E3DF19-A9D7-41DA-9918-6082DBBEC57A}.Release|Any CPU.Build.0 = Release|Any CPU
		{15E37E37-FE69-4893-9E70-046650183E2C}.Debug|Any CPU.ActiveCfg = Debug|Any CPU
		{15E37E37-FE69-4893-9E70-046650183E2C}.Debug|Any CPU.Build.0 = Debug|Any CPU
		{15E37E37-FE69-4893-9E70-046650183E2C}.Release|Any CPU.ActiveCfg = Release|Any CPU
		{15E37E37-FE69-4893-9E70-046650183E2C}.Release|Any CPU.Build.0 = Release|Any CPU
		{8C6DC41E-BAE3-41B9-9789-E3A3836AC497}.Debug|Any CPU.ActiveCfg = Debug|Any CPU
		{8C6DC41E-BAE3-41B9-9789-E3A3836AC497}.Debug|Any CPU.Build.0 = Debug|Any CPU
		{8C6DC41E-BAE3-41B9-9789-E3A3836AC497}.Release|Any CPU.ActiveCfg = Release|Any CPU
		{8C6DC41E-BAE3-41B9-9789-E3A3836AC497}.Release|Any CPU.Build.0 = Release|Any CPU
		{01384A26-D061-4D3C-96E0-AFC43B544C86}.Debug|Any CPU.ActiveCfg = Debug|Any CPU
		{01384A26-D061-4D3C-96E0-AFC43B544C86}.Debug|Any CPU.Build.0 = Debug|Any CPU
		{01384A26-D061-4D3C-96E0-AFC43B544C86}.Release|Any CPU.ActiveCfg = Release|Any CPU
		{01384A26-D061-4D3C-96E0-AFC43B544C86}.Release|Any CPU.Build.0 = Release|Any CPU
		{6E581484-53A0-4574-8EC8-B75D9AEA93FB}.Debug|Any CPU.ActiveCfg = Debug|Any CPU
		{6E581484-53A0-4574-8EC8-B75D9AEA93FB}.Debug|Any CPU.Build.0 = Debug|Any CPU
		{6E581484-53A0-4574-8EC8-B75D9AEA93FB}.Release|Any CPU.ActiveCfg = Release|Any CPU
		{6E581484-53A0-4574-8EC8-B75D9AEA93FB}.Release|Any CPU.Build.0 = Release|Any CPU
		{8B332AB4-AD13-4E7A-B9F4-87A2C1EE4DAF}.Debug|Any CPU.ActiveCfg = Debug|Any CPU
		{8B332AB4-AD13-4E7A-B9F4-87A2C1EE4DAF}.Debug|Any CPU.Build.0 = Debug|Any CPU
		{8B332AB4-AD13-4E7A-B9F4-87A2C1EE4DAF}.Release|Any CPU.ActiveCfg = Release|Any CPU
		{8B332AB4-AD13-4E7A-B9F4-87A2C1EE4DAF}.Release|Any CPU.Build.0 = Release|Any CPU
		{67DF2BAB-C136-4FA6-B096-239E130C38E8}.Debug|Any CPU.ActiveCfg = Debug|Any CPU
		{67DF2BAB-C136-4FA6-B096-239E130C38E8}.Debug|Any CPU.Build.0 = Debug|Any CPU
		{67DF2BAB-C136-4FA6-B096-239E130C38E8}.Release|Any CPU.ActiveCfg = Release|Any CPU
		{67DF2BAB-C136-4FA6-B096-239E130C38E8}.Release|Any CPU.Build.0 = Release|Any CPU
	EndGlobalSection
	GlobalSection(NestedProjects) = preSolution
		{F8A2D19F-814A-47B5-985D-84762C61CBE3} = {392E6C28-C89F-480A-8ADC-2A4EAE47207C}
		{8A7E4C0F-2529-4D7D-BB7D-2A8A61B0E44A} = {F8A2D19F-814A-47B5-985D-84762C61CBE3}
		{F5C53C1D-831D-4AC6-8318-5D360A95EFCC} = {F8A2D19F-814A-47B5-985D-84762C61CBE3}
		{ED2F86F7-09AA-4AC5-919F-01A496813F2E} = {F8A2D19F-814A-47B5-985D-84762C61CBE3}
		{F6E9785B-9034-4004-8C13-42A3FFD969C8} = {F8A2D19F-814A-47B5-985D-84762C61CBE3}
		{030A7C40-3107-481E-8B54-4881EA8F4A6A} = {392E6C28-C89F-480A-8ADC-2A4EAE47207C}
		{5D66C637-1E98-44DB-A971-3888DE9E4118} = {392E6C28-C89F-480A-8ADC-2A4EAE47207C}
		{08E3DF19-A9D7-41DA-9918-6082DBBEC57A} = {5D66C637-1E98-44DB-A971-3888DE9E4118}
		{15E37E37-FE69-4893-9E70-046650183E2C} = {030A7C40-3107-481E-8B54-4881EA8F4A6A}
		{8C6DC41E-BAE3-41B9-9789-E3A3836AC497} = {030A7C40-3107-481E-8B54-4881EA8F4A6A}
		{01384A26-D061-4D3C-96E0-AFC43B544C86} = {030A7C40-3107-481E-8B54-4881EA8F4A6A}
		{6E581484-53A0-4574-8EC8-B75D9AEA93FB} = {EF6C01E1-07FA-42AF-8F18-5F69D0F34420}
		{8B332AB4-AD13-4E7A-B9F4-87A2C1EE4DAF} = {030A7C40-3107-481E-8B54-4881EA8F4A6A}
		{FCBA1A6A-32C1-4183-BD80-11EE54172D9A} = {392E6C28-C89F-480A-8ADC-2A4EAE47207C}
		{67DF2BAB-C136-4FA6-B096-239E130C38E8} = {FCBA1A6A-32C1-4183-BD80-11EE54172D9A}
	EndGlobalSection
EndGlobal
